// !$*UTF8*$!
{
	archiveVersion = 1;
	classes = {
	};
	objectVersion = 56;
	objects = {

/* Begin PBXBuildFile section */
		88E478357EA2E54F8CE34ACA /* Pods_image_search_task.framework in Frameworks */ = {isa = PBXBuildFile; fileRef = 664EEEB23AA3A0381274986A /* Pods_image_search_task.framework */; };
		AB0FA3A829ADCE890090D643 /* AppDelegate.swift in Sources */ = {isa = PBXBuildFile; fileRef = AB0FA3A729ADCE890090D643 /* AppDelegate.swift */; };
		AB0FA3AA29ADCE890090D643 /* SceneDelegate.swift in Sources */ = {isa = PBXBuildFile; fileRef = AB0FA3A929ADCE890090D643 /* SceneDelegate.swift */; };
		AB0FA3AC29ADCE890090D643 /* ImageSearchViewController.swift in Sources */ = {isa = PBXBuildFile; fileRef = AB0FA3AB29ADCE890090D643 /* ImageSearchViewController.swift */; };
		AB0FA3B129ADCE8B0090D643 /* Assets.xcassets in Resources */ = {isa = PBXBuildFile; fileRef = AB0FA3B029ADCE8B0090D643 /* Assets.xcassets */; };
		AB0FA3B429ADCE8B0090D643 /* LaunchScreen.storyboard in Resources */ = {isa = PBXBuildFile; fileRef = AB0FA3B229ADCE8B0090D643 /* LaunchScreen.storyboard */; };
		AB115CED29B3BA1300D297C6 /* String+Extension.swift in Sources */ = {isa = PBXBuildFile; fileRef = AB115CEC29B3BA1300D297C6 /* String+Extension.swift */; };
		AB115CEF29B3DB7700D297C6 /* DefaultListView.swift in Sources */ = {isa = PBXBuildFile; fileRef = AB115CEE29B3DB7700D297C6 /* DefaultListView.swift */; };
		AB783F8729ADF1BE00A08022 /* UIView+Extension.swift in Sources */ = {isa = PBXBuildFile; fileRef = AB783F8629ADF1BE00A08022 /* UIView+Extension.swift */; };
		AB783F8929AE02D100A08022 /* SearchBarCase.swift in Sources */ = {isa = PBXBuildFile; fileRef = AB783F8829AE02D100A08022 /* SearchBarCase.swift */; };
		AB783F8E29AE2D0C00A08022 /* ImageItemCell.swift in Sources */ = {isa = PBXBuildFile; fileRef = AB783F8D29AE2D0C00A08022 /* ImageItemCell.swift */; };
		AB783F9129AF249500A08022 /* NetworkProvider.swift in Sources */ = {isa = PBXBuildFile; fileRef = AB783F9029AF249500A08022 /* NetworkProvider.swift */; };
		AB783F9329AF260D00A08022 /* NetworkRequestable.swift in Sources */ = {isa = PBXBuildFile; fileRef = AB783F9229AF260D00A08022 /* NetworkRequestable.swift */; };
		AB783F9729AF992D00A08022 /* SearchAPI.swift in Sources */ = {isa = PBXBuildFile; fileRef = AB783F9629AF992D00A08022 /* SearchAPI.swift */; };
		AB783F9B29AFACAA00A08022 /* ResponseModel.swift in Sources */ = {isa = PBXBuildFile; fileRef = AB783F9A29AFACAA00A08022 /* ResponseModel.swift */; };
		AB783F9D29AFAD5C00A08022 /* ImageSearchDTO.swift in Sources */ = {isa = PBXBuildFile; fileRef = AB783F9C29AFAD5C00A08022 /* ImageSearchDTO.swift */; };
		AB783FA329B07A5A00A08022 /* Environment.swift in Sources */ = {isa = PBXBuildFile; fileRef = AB783FA229B07A5A00A08022 /* Environment.swift */; };
		AB783FA729B0888A00A08022 /* SearchRepository.swift in Sources */ = {isa = PBXBuildFile; fileRef = AB783FA629B0888A00A08022 /* SearchRepository.swift */; };
		AB8E221A29B0952200BA0283 /* ImageSearchVIewModel.swift in Sources */ = {isa = PBXBuildFile; fileRef = AB8E221929B0952200BA0283 /* ImageSearchVIewModel.swift */; };
		AB8E221C29B0969900BA0283 /* ImageSearchUseCase.swift in Sources */ = {isa = PBXBuildFile; fileRef = AB8E221B29B0969900BA0283 /* ImageSearchUseCase.swift */; };
		AB8E221E29B0972600BA0283 /* ImageItem.swift in Sources */ = {isa = PBXBuildFile; fileRef = AB8E221D29B0972600BA0283 /* ImageItem.swift */; };
		ABA1E70829B1BF88003F1237 /* ImageEntity.xcdatamodeld in Sources */ = {isa = PBXBuildFile; fileRef = ABA1E70629B1BF88003F1237 /* ImageEntity.xcdatamodeld */; };
		ABA1E70A29B1CFC6003F1237 /* BookmarkRepository.swift in Sources */ = {isa = PBXBuildFile; fileRef = ABA1E70929B1CFC6003F1237 /* BookmarkRepository.swift */; };
		ABA1E71429B1DB4F003F1237 /* CoreDataStore.swift in Sources */ = {isa = PBXBuildFile; fileRef = ABA1E71329B1DB4F003F1237 /* CoreDataStore.swift */; };
		ABA1E71629B1E66F003F1237 /* BookmarkUseCase.swift in Sources */ = {isa = PBXBuildFile; fileRef = ABA1E71529B1E66F003F1237 /* BookmarkUseCase.swift */; };
		ABA1E71F29B2539A003F1237 /* ImageEntity+CoreDataClass.swift in Sources */ = {isa = PBXBuildFile; fileRef = ABA1E71D29B2539A003F1237 /* ImageEntity+CoreDataClass.swift */; };
		ABA1E72029B2539A003F1237 /* ImageEntity+CoreDataProperties.swift in Sources */ = {isa = PBXBuildFile; fileRef = ABA1E71E29B2539A003F1237 /* ImageEntity+CoreDataProperties.swift */; };
		ABA1E72229B255BF003F1237 /* ImageListView.swift in Sources */ = {isa = PBXBuildFile; fileRef = ABA1E72129B255BE003F1237 /* ImageListView.swift */; };
		ABA1E72429B255CA003F1237 /* BookmarkListView.swift in Sources */ = {isa = PBXBuildFile; fileRef = ABA1E72329B255CA003F1237 /* BookmarkListView.swift */; };
		ABA1E72829B263F9003F1237 /* EmptyCell.swift in Sources */ = {isa = PBXBuildFile; fileRef = ABA1E72729B263F9003F1237 /* EmptyCell.swift */; };
		ABA1E72A29B266CA003F1237 /* CellType.swift in Sources */ = {isa = PBXBuildFile; fileRef = ABA1E72929B266CA003F1237 /* CellType.swift */; };
		ABA1E72C29B270FE003F1237 /* NetworkError.swift in Sources */ = {isa = PBXBuildFile; fileRef = ABA1E72B29B270FE003F1237 /* NetworkError.swift */; };
		ABA1E72E29B281DF003F1237 /* BookmarkHeaderView.swift in Sources */ = {isa = PBXBuildFile; fileRef = ABA1E72D29B281DF003F1237 /* BookmarkHeaderView.swift */; };
/* End PBXBuildFile section */

/* Begin PBXFileReference section */
		4B13A82E86DB00B63EA121E7 /* Pods-image-search-task.release.xcconfig */ = {isa = PBXFileReference; includeInIndex = 1; lastKnownFileType = text.xcconfig; name = "Pods-image-search-task.release.xcconfig"; path = "Target Support Files/Pods-image-search-task/Pods-image-search-task.release.xcconfig"; sourceTree = "<group>"; };
		664EEEB23AA3A0381274986A /* Pods_image_search_task.framework */ = {isa = PBXFileReference; explicitFileType = wrapper.framework; includeInIndex = 0; path = Pods_image_search_task.framework; sourceTree = BUILT_PRODUCTS_DIR; };
		AB0FA3A429ADCE890090D643 /* image-search-task.app */ = {isa = PBXFileReference; explicitFileType = wrapper.application; includeInIndex = 0; path = "image-search-task.app"; sourceTree = BUILT_PRODUCTS_DIR; };
		AB0FA3A729ADCE890090D643 /* AppDelegate.swift */ = {isa = PBXFileReference; lastKnownFileType = sourcecode.swift; path = AppDelegate.swift; sourceTree = "<group>"; };
		AB0FA3A929ADCE890090D643 /* SceneDelegate.swift */ = {isa = PBXFileReference; lastKnownFileType = sourcecode.swift; path = SceneDelegate.swift; sourceTree = "<group>"; };
		AB0FA3AB29ADCE890090D643 /* ImageSearchViewController.swift */ = {isa = PBXFileReference; lastKnownFileType = sourcecode.swift; path = ImageSearchViewController.swift; sourceTree = "<group>"; };
		AB0FA3B029ADCE8B0090D643 /* Assets.xcassets */ = {isa = PBXFileReference; lastKnownFileType = folder.assetcatalog; path = Assets.xcassets; sourceTree = "<group>"; };
		AB0FA3B329ADCE8B0090D643 /* Base */ = {isa = PBXFileReference; lastKnownFileType = file.storyboard; name = Base; path = Base.lproj/LaunchScreen.storyboard; sourceTree = "<group>"; };
		AB0FA3B529ADCE8B0090D643 /* Info.plist */ = {isa = PBXFileReference; lastKnownFileType = text.plist.xml; path = Info.plist; sourceTree = "<group>"; };
		AB115CEC29B3BA1300D297C6 /* String+Extension.swift */ = {isa = PBXFileReference; lastKnownFileType = sourcecode.swift; path = "String+Extension.swift"; sourceTree = "<group>"; };
		AB115CEE29B3DB7700D297C6 /* DefaultListView.swift */ = {isa = PBXFileReference; lastKnownFileType = sourcecode.swift; path = DefaultListView.swift; sourceTree = "<group>"; };
		AB783F8629ADF1BE00A08022 /* UIView+Extension.swift */ = {isa = PBXFileReference; lastKnownFileType = sourcecode.swift; path = "UIView+Extension.swift"; sourceTree = "<group>"; };
		AB783F8829AE02D100A08022 /* SearchBarCase.swift */ = {isa = PBXFileReference; lastKnownFileType = sourcecode.swift; path = SearchBarCase.swift; sourceTree = "<group>"; };
		AB783F8D29AE2D0C00A08022 /* ImageItemCell.swift */ = {isa = PBXFileReference; lastKnownFileType = sourcecode.swift; path = ImageItemCell.swift; sourceTree = "<group>"; };
		AB783F9029AF249500A08022 /* NetworkProvider.swift */ = {isa = PBXFileReference; lastKnownFileType = sourcecode.swift; path = NetworkProvider.swift; sourceTree = "<group>"; };
		AB783F9229AF260D00A08022 /* NetworkRequestable.swift */ = {isa = PBXFileReference; lastKnownFileType = sourcecode.swift; path = NetworkRequestable.swift; sourceTree = "<group>"; };
		AB783F9629AF992D00A08022 /* SearchAPI.swift */ = {isa = PBXFileReference; lastKnownFileType = sourcecode.swift; path = SearchAPI.swift; sourceTree = "<group>"; };
		AB783F9A29AFACAA00A08022 /* ResponseModel.swift */ = {isa = PBXFileReference; lastKnownFileType = sourcecode.swift; path = ResponseModel.swift; sourceTree = "<group>"; };
		AB783F9C29AFAD5C00A08022 /* ImageSearchDTO.swift */ = {isa = PBXFileReference; lastKnownFileType = sourcecode.swift; path = ImageSearchDTO.swift; sourceTree = "<group>"; };
		AB783FA029B0768C00A08022 /* Debug.xcconfig */ = {isa = PBXFileReference; lastKnownFileType = text.xcconfig; path = Debug.xcconfig; sourceTree = "<group>"; };
		AB783FA129B0769500A08022 /* Release.xcconfig */ = {isa = PBXFileReference; lastKnownFileType = text.xcconfig; path = Release.xcconfig; sourceTree = "<group>"; };
		AB783FA229B07A5A00A08022 /* Environment.swift */ = {isa = PBXFileReference; lastKnownFileType = sourcecode.swift; path = Environment.swift; sourceTree = "<group>"; };
		AB783FA629B0888A00A08022 /* SearchRepository.swift */ = {isa = PBXFileReference; lastKnownFileType = sourcecode.swift; path = SearchRepository.swift; sourceTree = "<group>"; };
		AB8E221929B0952200BA0283 /* ImageSearchVIewModel.swift */ = {isa = PBXFileReference; lastKnownFileType = sourcecode.swift; path = ImageSearchVIewModel.swift; sourceTree = "<group>"; };
		AB8E221B29B0969900BA0283 /* ImageSearchUseCase.swift */ = {isa = PBXFileReference; lastKnownFileType = sourcecode.swift; path = ImageSearchUseCase.swift; sourceTree = "<group>"; };
		AB8E221D29B0972600BA0283 /* ImageItem.swift */ = {isa = PBXFileReference; lastKnownFileType = sourcecode.swift; path = ImageItem.swift; sourceTree = "<group>"; };
		ABA1E70729B1BF88003F1237 /* ImageEntity.xcdatamodel */ = {isa = PBXFileReference; lastKnownFileType = wrapper.xcdatamodel; path = ImageEntity.xcdatamodel; sourceTree = "<group>"; };
		ABA1E70929B1CFC6003F1237 /* BookmarkRepository.swift */ = {isa = PBXFileReference; lastKnownFileType = sourcecode.swift; path = BookmarkRepository.swift; sourceTree = "<group>"; };
		ABA1E71329B1DB4F003F1237 /* CoreDataStore.swift */ = {isa = PBXFileReference; lastKnownFileType = sourcecode.swift; path = CoreDataStore.swift; sourceTree = "<group>"; };
		ABA1E71529B1E66F003F1237 /* BookmarkUseCase.swift */ = {isa = PBXFileReference; lastKnownFileType = sourcecode.swift; path = BookmarkUseCase.swift; sourceTree = "<group>"; };
		ABA1E71D29B2539A003F1237 /* ImageEntity+CoreDataClass.swift */ = {isa = PBXFileReference; lastKnownFileType = sourcecode.swift; path = "ImageEntity+CoreDataClass.swift"; sourceTree = SOURCE_ROOT; };
		ABA1E71E29B2539A003F1237 /* ImageEntity+CoreDataProperties.swift */ = {isa = PBXFileReference; lastKnownFileType = sourcecode.swift; path = "ImageEntity+CoreDataProperties.swift"; sourceTree = SOURCE_ROOT; };
		ABA1E72129B255BE003F1237 /* ImageListView.swift */ = {isa = PBXFileReference; lastKnownFileType = sourcecode.swift; path = ImageListView.swift; sourceTree = "<group>"; };
		ABA1E72329B255CA003F1237 /* BookmarkListView.swift */ = {isa = PBXFileReference; lastKnownFileType = sourcecode.swift; path = BookmarkListView.swift; sourceTree = "<group>"; };
		ABA1E72729B263F9003F1237 /* EmptyCell.swift */ = {isa = PBXFileReference; lastKnownFileType = sourcecode.swift; path = EmptyCell.swift; sourceTree = "<group>"; };
		ABA1E72929B266CA003F1237 /* CellType.swift */ = {isa = PBXFileReference; lastKnownFileType = sourcecode.swift; path = CellType.swift; sourceTree = "<group>"; };
		ABA1E72B29B270FE003F1237 /* NetworkError.swift */ = {isa = PBXFileReference; lastKnownFileType = sourcecode.swift; path = NetworkError.swift; sourceTree = "<group>"; };
		ABA1E72D29B281DF003F1237 /* BookmarkHeaderView.swift */ = {isa = PBXFileReference; lastKnownFileType = sourcecode.swift; path = BookmarkHeaderView.swift; sourceTree = "<group>"; };
		D5025A504E726CD066D3EB1B /* Pods-image-search-task.debug.xcconfig */ = {isa = PBXFileReference; includeInIndex = 1; lastKnownFileType = text.xcconfig; name = "Pods-image-search-task.debug.xcconfig"; path = "Target Support Files/Pods-image-search-task/Pods-image-search-task.debug.xcconfig"; sourceTree = "<group>"; };
/* End PBXFileReference section */

/* Begin PBXFrameworksBuildPhase section */
		AB0FA3A129ADCE890090D643 /* Frameworks */ = {
			isa = PBXFrameworksBuildPhase;
			buildActionMask = 2147483647;
			files = (
				88E478357EA2E54F8CE34ACA /* Pods_image_search_task.framework in Frameworks */,
			);
			runOnlyForDeploymentPostprocessing = 0;
		};
/* End PBXFrameworksBuildPhase section */

/* Begin PBXGroup section */
		5172DA2322762CF5503591B6 /* Pods */ = {
			isa = PBXGroup;
			children = (
				D5025A504E726CD066D3EB1B /* Pods-image-search-task.debug.xcconfig */,
				4B13A82E86DB00B63EA121E7 /* Pods-image-search-task.release.xcconfig */,
			);
			path = Pods;
			sourceTree = "<group>";
		};
		AB0FA39B29ADCE890090D643 = {
			isa = PBXGroup;
			children = (
				AB0FA3A629ADCE890090D643 /* image-search-task */,
				AB0FA3A529ADCE890090D643 /* Products */,
				5172DA2322762CF5503591B6 /* Pods */,
				F95C1114120956631984AC47 /* Frameworks */,
			);
			sourceTree = "<group>";
		};
		AB0FA3A529ADCE890090D643 /* Products */ = {
			isa = PBXGroup;
			children = (
				AB0FA3A429ADCE890090D643 /* image-search-task.app */,
			);
			name = Products;
			sourceTree = "<group>";
		};
		AB0FA3A629ADCE890090D643 /* image-search-task */ = {
			isa = PBXGroup;
			children = (
				AB783F8F29AF1ACF00A08022 /* Common */,
				AB8E222129B0D30E00BA0283 /* Domain */,
				AB783F9429AF990E00A08022 /* Data */,
				AB0FA3BD29ADE9800090D643 /* ImageSearch */,
				AB0FA3BC29ADE9340090D643 /* Launch */,
				AB0FA3BB29ADE9240090D643 /* Resource */,
			);
			path = "image-search-task";
			sourceTree = "<group>";
		};
		AB0FA3BB29ADE9240090D643 /* Resource */ = {
			isa = PBXGroup;
			children = (
				AB0FA3B029ADCE8B0090D643 /* Assets.xcassets */,
				AB0FA3B529ADCE8B0090D643 /* Info.plist */,
				AB783FA029B0768C00A08022 /* Debug.xcconfig */,
				AB783FA129B0769500A08022 /* Release.xcconfig */,
			);
			path = Resource;
			sourceTree = "<group>";
		};
		AB0FA3BC29ADE9340090D643 /* Launch */ = {
			isa = PBXGroup;
			children = (
				AB0FA3A729ADCE890090D643 /* AppDelegate.swift */,
				AB0FA3A929ADCE890090D643 /* SceneDelegate.swift */,
				AB0FA3B229ADCE8B0090D643 /* LaunchScreen.storyboard */,
			);
			path = Launch;
			sourceTree = "<group>";
		};
		AB0FA3BD29ADE9800090D643 /* ImageSearch */ = {
			isa = PBXGroup;
			children = (
				AB783F9829AFAC6600A08022 /* ViewModel */,
				AB783F9529AF991800A08022 /* UI */,
			);
			path = ImageSearch;
			sourceTree = "<group>";
		};
		AB115CEB29B3B4E100D297C6 /* Cell */ = {
			isa = PBXGroup;
			children = (
				ABA1E72D29B281DF003F1237 /* BookmarkHeaderView.swift */,
				AB783F8D29AE2D0C00A08022 /* ImageItemCell.swift */,
				ABA1E72729B263F9003F1237 /* EmptyCell.swift */,
			);
			path = Cell;
			sourceTree = "<group>";
		};
		AB783F8529ADF1A900A08022 /* Extension */ = {
			isa = PBXGroup;
			children = (
				AB783F8629ADF1BE00A08022 /* UIView+Extension.swift */,
				AB115CEC29B3BA1300D297C6 /* String+Extension.swift */,
			);
			path = Extension;
			sourceTree = "<group>";
		};
		AB783F8F29AF1ACF00A08022 /* Common */ = {
			isa = PBXGroup;
			children = (
				AB783FA529B085B900A08022 /* Network */,
				AB783F8529ADF1A900A08022 /* Extension */,
				AB783F9A29AFACAA00A08022 /* ResponseModel.swift */,
				AB783FA229B07A5A00A08022 /* Environment.swift */,
				ABA1E71329B1DB4F003F1237 /* CoreDataStore.swift */,
				AB115CEE29B3DB7700D297C6 /* DefaultListView.swift */,
			);
			path = Common;
			sourceTree = "<group>";
		};
		AB783F9429AF990E00A08022 /* Data */ = {
			isa = PBXGroup;
			children = (
				AB783F9C29AFAD5C00A08022 /* ImageSearchDTO.swift */,
				AB783FA629B0888A00A08022 /* SearchRepository.swift */,
				ABA1E70929B1CFC6003F1237 /* BookmarkRepository.swift */,
			);
			path = Data;
			sourceTree = "<group>";
		};
		AB783F9529AF991800A08022 /* UI */ = {
			isa = PBXGroup;
			children = (
				AB115CEB29B3B4E100D297C6 /* Cell */,
				AB0FA3AB29ADCE890090D643 /* ImageSearchViewController.swift */,
				ABA1E72129B255BE003F1237 /* ImageListView.swift */,
				ABA1E72329B255CA003F1237 /* BookmarkListView.swift */,
			);
			path = UI;
			sourceTree = "<group>";
		};
		AB783F9829AFAC6600A08022 /* ViewModel */ = {
			isa = PBXGroup;
			children = (
				AB783F8829AE02D100A08022 /* SearchBarCase.swift */,
				AB8E221929B0952200BA0283 /* ImageSearchVIewModel.swift */,
				ABA1E72929B266CA003F1237 /* CellType.swift */,
			);
			path = ViewModel;
			sourceTree = "<group>";
		};
		AB783FA529B085B900A08022 /* Network */ = {
			isa = PBXGroup;
			children = (
				AB783FA829B0917F00A08022 /* API */,
				AB783F9029AF249500A08022 /* NetworkProvider.swift */,
				AB783F9229AF260D00A08022 /* NetworkRequestable.swift */,
				ABA1E72B29B270FE003F1237 /* NetworkError.swift */,
			);
			path = Network;
			sourceTree = "<group>";
		};
		AB783FA829B0917F00A08022 /* API */ = {
			isa = PBXGroup;
			children = (
				AB783F9629AF992D00A08022 /* SearchAPI.swift */,
			);
			path = API;
			sourceTree = "<group>";
		};
		AB8E222129B0D30E00BA0283 /* Domain */ = {
			isa = PBXGroup;
			children = (
				ABA1E71C29B23DD5003F1237 /* UseCase */,
				ABA1E71B29B23DC1003F1237 /* Model */,
			);
			path = Domain;
			sourceTree = "<group>";
		};
		ABA1E71B29B23DC1003F1237 /* Model */ = {
			isa = PBXGroup;
			children = (
				ABA1E71D29B2539A003F1237 /* ImageEntity+CoreDataClass.swift */,
				ABA1E71E29B2539A003F1237 /* ImageEntity+CoreDataProperties.swift */,
				ABA1E70629B1BF88003F1237 /* ImageEntity.xcdatamodeld */,
				AB8E221D29B0972600BA0283 /* ImageItem.swift */,
			);
			path = Model;
			sourceTree = "<group>";
		};
		ABA1E71C29B23DD5003F1237 /* UseCase */ = {
			isa = PBXGroup;
			children = (
				AB8E221B29B0969900BA0283 /* ImageSearchUseCase.swift */,
				ABA1E71529B1E66F003F1237 /* BookmarkUseCase.swift */,
			);
			path = UseCase;
			sourceTree = "<group>";
		};
		F95C1114120956631984AC47 /* Frameworks */ = {
			isa = PBXGroup;
			children = (
				664EEEB23AA3A0381274986A /* Pods_image_search_task.framework */,
			);
			name = Frameworks;
			sourceTree = "<group>";
		};
/* End PBXGroup section */

/* Begin PBXNativeTarget section */
		AB0FA3A329ADCE890090D643 /* image-search-task */ = {
			isa = PBXNativeTarget;
			buildConfigurationList = AB0FA3B829ADCE8B0090D643 /* Build configuration list for PBXNativeTarget "image-search-task" */;
			buildPhases = (
				05517EE199865E083A6CE67A /* [CP] Check Pods Manifest.lock */,
				AB0FA3A029ADCE890090D643 /* Sources */,
				AB0FA3A129ADCE890090D643 /* Frameworks */,
				AB0FA3A229ADCE890090D643 /* Resources */,
				A9BCB0585C60E6A2675EB5FE /* [CP] Embed Pods Frameworks */,
			);
			buildRules = (
			);
			dependencies = (
			);
			name = "image-search-task";
			productName = "image-search-task";
			productReference = AB0FA3A429ADCE890090D643 /* image-search-task.app */;
			productType = "com.apple.product-type.application";
		};
/* End PBXNativeTarget section */

/* Begin PBXProject section */
		AB0FA39C29ADCE890090D643 /* Project object */ = {
			isa = PBXProject;
			attributes = {
				BuildIndependentTargetsInParallel = 1;
				LastSwiftUpdateCheck = 1420;
				LastUpgradeCheck = 1420;
				TargetAttributes = {
					AB0FA3A329ADCE890090D643 = {
						CreatedOnToolsVersion = 14.2;
					};
				};
			};
			buildConfigurationList = AB0FA39F29ADCE890090D643 /* Build configuration list for PBXProject "image-search-task" */;
			compatibilityVersion = "Xcode 14.0";
			developmentRegion = en;
			hasScannedForEncodings = 0;
			knownRegions = (
				en,
				Base,
			);
			mainGroup = AB0FA39B29ADCE890090D643;
			productRefGroup = AB0FA3A529ADCE890090D643 /* Products */;
			projectDirPath = "";
			projectRoot = "";
			targets = (
				AB0FA3A329ADCE890090D643 /* image-search-task */,
			);
		};
/* End PBXProject section */

/* Begin PBXResourcesBuildPhase section */
		AB0FA3A229ADCE890090D643 /* Resources */ = {
			isa = PBXResourcesBuildPhase;
			buildActionMask = 2147483647;
			files = (
				AB0FA3B429ADCE8B0090D643 /* LaunchScreen.storyboard in Resources */,
				AB0FA3B129ADCE8B0090D643 /* Assets.xcassets in Resources */,
			);
			runOnlyForDeploymentPostprocessing = 0;
		};
/* End PBXResourcesBuildPhase section */

/* Begin PBXShellScriptBuildPhase section */
		05517EE199865E083A6CE67A /* [CP] Check Pods Manifest.lock */ = {
			isa = PBXShellScriptBuildPhase;
			buildActionMask = 2147483647;
			files = (
			);
			inputFileListPaths = (
			);
			inputPaths = (
				"${PODS_PODFILE_DIR_PATH}/Podfile.lock",
				"${PODS_ROOT}/Manifest.lock",
			);
			name = "[CP] Check Pods Manifest.lock";
			outputFileListPaths = (
			);
			outputPaths = (
				"$(DERIVED_FILE_DIR)/Pods-image-search-task-checkManifestLockResult.txt",
			);
			runOnlyForDeploymentPostprocessing = 0;
			shellPath = /bin/sh;
			shellScript = "diff \"${PODS_PODFILE_DIR_PATH}/Podfile.lock\" \"${PODS_ROOT}/Manifest.lock\" > /dev/null\nif [ $? != 0 ] ; then\n    # print error to STDERR\n    echo \"error: The sandbox is not in sync with the Podfile.lock. Run 'pod install' or update your CocoaPods installation.\" >&2\n    exit 1\nfi\n# This output is used by Xcode 'outputs' to avoid re-running this script phase.\necho \"SUCCESS\" > \"${SCRIPT_OUTPUT_FILE_0}\"\n";
			showEnvVarsInLog = 0;
		};
		A9BCB0585C60E6A2675EB5FE /* [CP] Embed Pods Frameworks */ = {
			isa = PBXShellScriptBuildPhase;
			buildActionMask = 2147483647;
			files = (
			);
			inputFileListPaths = (
				"${PODS_ROOT}/Target Support Files/Pods-image-search-task/Pods-image-search-task-frameworks-${CONFIGURATION}-input-files.xcfilelist",
			);
			name = "[CP] Embed Pods Frameworks";
			outputFileListPaths = (
				"${PODS_ROOT}/Target Support Files/Pods-image-search-task/Pods-image-search-task-frameworks-${CONFIGURATION}-output-files.xcfilelist",
			);
			runOnlyForDeploymentPostprocessing = 0;
			shellPath = /bin/sh;
			shellScript = "\"${PODS_ROOT}/Target Support Files/Pods-image-search-task/Pods-image-search-task-frameworks.sh\"\n";
			showEnvVarsInLog = 0;
		};
/* End PBXShellScriptBuildPhase section */

/* Begin PBXSourcesBuildPhase section */
		AB0FA3A029ADCE890090D643 /* Sources */ = {
			isa = PBXSourcesBuildPhase;
			buildActionMask = 2147483647;
			files = (
				ABA1E71429B1DB4F003F1237 /* CoreDataStore.swift in Sources */,
				AB783F9129AF249500A08022 /* NetworkProvider.swift in Sources */,
				ABA1E70A29B1CFC6003F1237 /* BookmarkRepository.swift in Sources */,
				AB783FA329B07A5A00A08022 /* Environment.swift in Sources */,
				ABA1E72029B2539A003F1237 /* ImageEntity+CoreDataProperties.swift in Sources */,
				AB0FA3AC29ADCE890090D643 /* ImageSearchViewController.swift in Sources */,
				AB115CEF29B3DB7700D297C6 /* DefaultListView.swift in Sources */,
				ABA1E72C29B270FE003F1237 /* NetworkError.swift in Sources */,
				ABA1E72429B255CA003F1237 /* BookmarkListView.swift in Sources */,
				AB783F9329AF260D00A08022 /* NetworkRequestable.swift in Sources */,
				ABA1E72E29B281DF003F1237 /* BookmarkHeaderView.swift in Sources */,
				AB0FA3A829ADCE890090D643 /* AppDelegate.swift in Sources */,
				AB783F9D29AFAD5C00A08022 /* ImageSearchDTO.swift in Sources */,
				AB783F8729ADF1BE00A08022 /* UIView+Extension.swift in Sources */,
				AB8E221C29B0969900BA0283 /* ImageSearchUseCase.swift in Sources */,
				ABA1E70829B1BF88003F1237 /* ImageEntity.xcdatamodeld in Sources */,
				AB0FA3AA29ADCE890090D643 /* SceneDelegate.swift in Sources */,
				ABA1E72829B263F9003F1237 /* EmptyCell.swift in Sources */,
				AB8E221A29B0952200BA0283 /* ImageSearchVIewModel.swift in Sources */,
				AB783F8E29AE2D0C00A08022 /* ImageItemCell.swift in Sources */,
				ABA1E72A29B266CA003F1237 /* CellType.swift in Sources */,
				AB783F8929AE02D100A08022 /* SearchBarCase.swift in Sources */,
				ABA1E71F29B2539A003F1237 /* ImageEntity+CoreDataClass.swift in Sources */,
				ABA1E72229B255BF003F1237 /* ImageListView.swift in Sources */,
				ABA1E71629B1E66F003F1237 /* BookmarkUseCase.swift in Sources */,
				AB8E221E29B0972600BA0283 /* ImageItem.swift in Sources */,
				AB783FA729B0888A00A08022 /* SearchRepository.swift in Sources */,
				AB783F9B29AFACAA00A08022 /* ResponseModel.swift in Sources */,
				AB115CED29B3BA1300D297C6 /* String+Extension.swift in Sources */,
				AB783F9729AF992D00A08022 /* SearchAPI.swift in Sources */,
			);
			runOnlyForDeploymentPostprocessing = 0;
		};
/* End PBXSourcesBuildPhase section */

/* Begin PBXVariantGroup section */
		AB0FA3B229ADCE8B0090D643 /* LaunchScreen.storyboard */ = {
			isa = PBXVariantGroup;
			children = (
				AB0FA3B329ADCE8B0090D643 /* Base */,
			);
			name = LaunchScreen.storyboard;
			sourceTree = "<group>";
		};
/* End PBXVariantGroup section */

/* Begin XCBuildConfiguration section */
		AB0FA3B629ADCE8B0090D643 /* Debug */ = {
			isa = XCBuildConfiguration;
			buildSettings = {
				ALWAYS_SEARCH_USER_PATHS = NO;
				CLANG_ANALYZER_NONNULL = YES;
				CLANG_ANALYZER_NUMBER_OBJECT_CONVERSION = YES_AGGRESSIVE;
				CLANG_CXX_LANGUAGE_STANDARD = "gnu++20";
				CLANG_ENABLE_MODULES = YES;
				CLANG_ENABLE_OBJC_ARC = YES;
				CLANG_ENABLE_OBJC_WEAK = YES;
				CLANG_WARN_BLOCK_CAPTURE_AUTORELEASING = YES;
				CLANG_WARN_BOOL_CONVERSION = YES;
				CLANG_WARN_COMMA = YES;
				CLANG_WARN_CONSTANT_CONVERSION = YES;
				CLANG_WARN_DEPRECATED_OBJC_IMPLEMENTATIONS = YES;
				CLANG_WARN_DIRECT_OBJC_ISA_USAGE = YES_ERROR;
				CLANG_WARN_DOCUMENTATION_COMMENTS = YES;
				CLANG_WARN_EMPTY_BODY = YES;
				CLANG_WARN_ENUM_CONVERSION = YES;
				CLANG_WARN_INFINITE_RECURSION = YES;
				CLANG_WARN_INT_CONVERSION = YES;
				CLANG_WARN_NON_LITERAL_NULL_CONVERSION = YES;
				CLANG_WARN_OBJC_IMPLICIT_RETAIN_SELF = YES;
				CLANG_WARN_OBJC_LITERAL_CONVERSION = YES;
				CLANG_WARN_OBJC_ROOT_CLASS = YES_ERROR;
				CLANG_WARN_QUOTED_INCLUDE_IN_FRAMEWORK_HEADER = YES;
				CLANG_WARN_RANGE_LOOP_ANALYSIS = YES;
				CLANG_WARN_STRICT_PROTOTYPES = YES;
				CLANG_WARN_SUSPICIOUS_MOVE = YES;
				CLANG_WARN_UNGUARDED_AVAILABILITY = YES_AGGRESSIVE;
				CLANG_WARN_UNREACHABLE_CODE = YES;
				CLANG_WARN__DUPLICATE_METHOD_MATCH = YES;
				COPY_PHASE_STRIP = NO;
				DEBUG_INFORMATION_FORMAT = dwarf;
				ENABLE_STRICT_OBJC_MSGSEND = YES;
				ENABLE_TESTABILITY = YES;
				GCC_C_LANGUAGE_STANDARD = gnu11;
				GCC_DYNAMIC_NO_PIC = NO;
				GCC_NO_COMMON_BLOCKS = YES;
				GCC_OPTIMIZATION_LEVEL = 0;
				GCC_PREPROCESSOR_DEFINITIONS = (
					"DEBUG=1",
					"$(inherited)",
				);
				GCC_WARN_64_TO_32_BIT_CONVERSION = YES;
				GCC_WARN_ABOUT_RETURN_TYPE = YES_ERROR;
				GCC_WARN_UNDECLARED_SELECTOR = YES;
				GCC_WARN_UNINITIALIZED_AUTOS = YES_AGGRESSIVE;
				GCC_WARN_UNUSED_FUNCTION = YES;
				GCC_WARN_UNUSED_VARIABLE = YES;
				IPHONEOS_DEPLOYMENT_TARGET = 11.0;
				MTL_ENABLE_DEBUG_INFO = INCLUDE_SOURCE;
				MTL_FAST_MATH = YES;
				ONLY_ACTIVE_ARCH = YES;
				SDKROOT = iphoneos;
				SWIFT_ACTIVE_COMPILATION_CONDITIONS = DEBUG;
				SWIFT_OPTIMIZATION_LEVEL = "-Onone";
			};
			name = Debug;
		};
		AB0FA3B729ADCE8B0090D643 /* Release */ = {
			isa = XCBuildConfiguration;
			buildSettings = {
				ALWAYS_SEARCH_USER_PATHS = NO;
				CLANG_ANALYZER_NONNULL = YES;
				CLANG_ANALYZER_NUMBER_OBJECT_CONVERSION = YES_AGGRESSIVE;
				CLANG_CXX_LANGUAGE_STANDARD = "gnu++20";
				CLANG_ENABLE_MODULES = YES;
				CLANG_ENABLE_OBJC_ARC = YES;
				CLANG_ENABLE_OBJC_WEAK = YES;
				CLANG_WARN_BLOCK_CAPTURE_AUTORELEASING = YES;
				CLANG_WARN_BOOL_CONVERSION = YES;
				CLANG_WARN_COMMA = YES;
				CLANG_WARN_CONSTANT_CONVERSION = YES;
				CLANG_WARN_DEPRECATED_OBJC_IMPLEMENTATIONS = YES;
				CLANG_WARN_DIRECT_OBJC_ISA_USAGE = YES_ERROR;
				CLANG_WARN_DOCUMENTATION_COMMENTS = YES;
				CLANG_WARN_EMPTY_BODY = YES;
				CLANG_WARN_ENUM_CONVERSION = YES;
				CLANG_WARN_INFINITE_RECURSION = YES;
				CLANG_WARN_INT_CONVERSION = YES;
				CLANG_WARN_NON_LITERAL_NULL_CONVERSION = YES;
				CLANG_WARN_OBJC_IMPLICIT_RETAIN_SELF = YES;
				CLANG_WARN_OBJC_LITERAL_CONVERSION = YES;
				CLANG_WARN_OBJC_ROOT_CLASS = YES_ERROR;
				CLANG_WARN_QUOTED_INCLUDE_IN_FRAMEWORK_HEADER = YES;
				CLANG_WARN_RANGE_LOOP_ANALYSIS = YES;
				CLANG_WARN_STRICT_PROTOTYPES = YES;
				CLANG_WARN_SUSPICIOUS_MOVE = YES;
				CLANG_WARN_UNGUARDED_AVAILABILITY = YES_AGGRESSIVE;
				CLANG_WARN_UNREACHABLE_CODE = YES;
				CLANG_WARN__DUPLICATE_METHOD_MATCH = YES;
				COPY_PHASE_STRIP = NO;
				DEBUG_INFORMATION_FORMAT = "dwarf-with-dsym";
				ENABLE_NS_ASSERTIONS = NO;
				ENABLE_STRICT_OBJC_MSGSEND = YES;
				GCC_C_LANGUAGE_STANDARD = gnu11;
				GCC_NO_COMMON_BLOCKS = YES;
				GCC_WARN_64_TO_32_BIT_CONVERSION = YES;
				GCC_WARN_ABOUT_RETURN_TYPE = YES_ERROR;
				GCC_WARN_UNDECLARED_SELECTOR = YES;
				GCC_WARN_UNINITIALIZED_AUTOS = YES_AGGRESSIVE;
				GCC_WARN_UNUSED_FUNCTION = YES;
				GCC_WARN_UNUSED_VARIABLE = YES;
				IPHONEOS_DEPLOYMENT_TARGET = 11.0;
				MTL_ENABLE_DEBUG_INFO = NO;
				MTL_FAST_MATH = YES;
				SDKROOT = iphoneos;
				SWIFT_COMPILATION_MODE = wholemodule;
				SWIFT_OPTIMIZATION_LEVEL = "-O";
				VALIDATE_PRODUCT = YES;
			};
			name = Release;
		};
		AB0FA3B929ADCE8B0090D643 /* Debug */ = {
			isa = XCBuildConfiguration;
			baseConfigurationReference = AB783FA029B0768C00A08022 /* Debug.xcconfig */;
			buildSettings = {
				ASSETCATALOG_COMPILER_APPICON_NAME = AppIcon;
				ASSETCATALOG_COMPILER_GLOBAL_ACCENT_COLOR_NAME = AccentColor;
				CODE_SIGN_STYLE = Automatic;
				CURRENT_PROJECT_VERSION = 1;
				DEVELOPMENT_TEAM = G7SD8523Y3;
				GENERATE_INFOPLIST_FILE = YES;
				INFOPLIST_FILE = "image-search-task/Resource/Info.plist";
				INFOPLIST_KEY_UIApplicationSupportsIndirectInputEvents = YES;
				INFOPLIST_KEY_UILaunchStoryboardName = LaunchScreen;
				INFOPLIST_KEY_UISupportedInterfaceOrientations_iPad = "UIInterfaceOrientationPortrait UIInterfaceOrientationPortraitUpsideDown UIInterfaceOrientationLandscapeLeft UIInterfaceOrientationLandscapeRight";
				INFOPLIST_KEY_UISupportedInterfaceOrientations_iPhone = "UIInterfaceOrientationPortrait UIInterfaceOrientationLandscapeLeft UIInterfaceOrientationLandscapeRight";
				IPHONEOS_DEPLOYMENT_TARGET = 11.0;
				LD_RUNPATH_SEARCH_PATHS = (
					"$(inherited)",
					"@executable_path/Frameworks",
				);
				MARKETING_VERSION = 1.0;
				PRODUCT_BUNDLE_IDENTIFIER = "com.inae.image-search-task.image-search-task";
				PRODUCT_NAME = "$(TARGET_NAME)";
				SUPPORTED_PLATFORMS = "iphoneos iphonesimulator";
				SUPPORTS_MACCATALYST = NO;
				SUPPORTS_MAC_DESIGNED_FOR_IPHONE_IPAD = NO;
				SWIFT_EMIT_LOC_STRINGS = YES;
				SWIFT_VERSION = 5.0;
				TARGETED_DEVICE_FAMILY = "1,2";
			};
			name = Debug;
		};
		AB0FA3BA29ADCE8B0090D643 /* Release */ = {
			isa = XCBuildConfiguration;
			baseConfigurationReference = AB783FA129B0769500A08022 /* Release.xcconfig */;
			buildSettings = {
				ASSETCATALOG_COMPILER_APPICON_NAME = AppIcon;
				ASSETCATALOG_COMPILER_GLOBAL_ACCENT_COLOR_NAME = AccentColor;
				CODE_SIGN_STYLE = Automatic;
				CURRENT_PROJECT_VERSION = 1;
				DEVELOPMENT_TEAM = G7SD8523Y3;
				GENERATE_INFOPLIST_FILE = YES;
				INFOPLIST_FILE = "image-search-task/Resource/Info.plist";
				INFOPLIST_KEY_UIApplicationSupportsIndirectInputEvents = YES;
				INFOPLIST_KEY_UILaunchStoryboardName = LaunchScreen;
				INFOPLIST_KEY_UISupportedInterfaceOrientations_iPad = "UIInterfaceOrientationPortrait UIInterfaceOrientationPortraitUpsideDown UIInterfaceOrientationLandscapeLeft UIInterfaceOrientationLandscapeRight";
				INFOPLIST_KEY_UISupportedInterfaceOrientations_iPhone = "UIInterfaceOrientationPortrait UIInterfaceOrientationLandscapeLeft UIInterfaceOrientationLandscapeRight";
				IPHONEOS_DEPLOYMENT_TARGET = 11.0;
				LD_RUNPATH_SEARCH_PATHS = (
					"$(inherited)",
					"@executable_path/Frameworks",
				);
				MARKETING_VERSION = 1.0;
				PRODUCT_BUNDLE_IDENTIFIER = "com.inae.image-search-task.image-search-task";
				PRODUCT_NAME = "$(TARGET_NAME)";
				SUPPORTED_PLATFORMS = "iphoneos iphonesimulator";
				SUPPORTS_MACCATALYST = NO;
				SUPPORTS_MAC_DESIGNED_FOR_IPHONE_IPAD = NO;
				SWIFT_EMIT_LOC_STRINGS = YES;
				SWIFT_VERSION = 5.0;
				TARGETED_DEVICE_FAMILY = "1,2";
			};
			name = Release;
		};
/* End XCBuildConfiguration section */

/* Begin XCConfigurationList section */
		AB0FA39F29ADCE890090D643 /* Build configuration list for PBXProject "image-search-task" */ = {
			isa = XCConfigurationList;
			buildConfigurations = (
				AB0FA3B629ADCE8B0090D643 /* Debug */,
				AB0FA3B729ADCE8B0090D643 /* Release */,
			);
			defaultConfigurationIsVisible = 0;
			defaultConfigurationName = Release;
		};
		AB0FA3B829ADCE8B0090D643 /* Build configuration list for PBXNativeTarget "image-search-task" */ = {
			isa = XCConfigurationList;
			buildConfigurations = (
				AB0FA3B929ADCE8B0090D643 /* Debug */,
				AB0FA3BA29ADCE8B0090D643 /* Release */,
			);
			defaultConfigurationIsVisible = 0;
			defaultConfigurationName = Release;
		};
/* End XCConfigurationList section */

/* Begin XCVersionGroup section */
		ABA1E70629B1BF88003F1237 /* ImageEntity.xcdatamodeld */ = {
			isa = XCVersionGroup;
			children = (
				ABA1E70729B1BF88003F1237 /* ImageEntity.xcdatamodel */,
			);
			currentVersion = ABA1E70729B1BF88003F1237 /* ImageEntity.xcdatamodel */;
			path = ImageEntity.xcdatamodeld;
			sourceTree = "<group>";
			versionGroupType = wrapper.xcdatamodel;
		};
/* End XCVersionGroup section */
	};
	rootObject = AB0FA39C29ADCE890090D643 /* Project object */;
}
